
Microsoft Visual Studio Solution File, Format Version 12.00
Project("{2150E333-8FDC-42A3-9474-1A3956D46DE8}") = "Codility", "Codility", "{CF4AA0E1-5B14-4E95-BC02-E1EE798965A5}"
EndProject
Project("{FAE04EC0-301F-11D3-BF4B-00C04F79EFBC}") = "BinaryGap", "src\BinaryGap\BinaryGap.csproj", "{8717A81B-2D70-4757-AD25-00CEBBF802DE}"
EndProject
Project("{FAE04EC0-301F-11D3-BF4B-00C04F79EFBC}") = "CyclicRotation", "src\CyclicRotation\CyclicRotation.csproj", "{97647D97-011C-4A99-B9FE-DD2867E1DDB1}"
EndProject
Project("{FAE04EC0-301F-11D3-BF4B-00C04F79EFBC}") = "OddOccurrencesInArray", "src\OddOccurrencesInArray\OddOccurrencesInArray.csproj", "{F689DBFF-78F9-4A01-A88D-C242C1720A25}"
EndProject
Project("{FAE04EC0-301F-11D3-BF4B-00C04F79EFBC}") = "FrogJmp", "src\FrogJmp\FrogJmp.csproj", "{7B07778E-0609-4000-A1C7-A3DCB9494057}"
EndProject
Project("{FAE04EC0-301F-11D3-BF4B-00C04F79EFBC}") = "PermMissingElem", "src\PermMissingElem\PermMissingElem.csproj", "{A5E8D9EA-95D6-44A3-AAF1-599FBD557344}"
EndProject
Project("{FAE04EC0-301F-11D3-BF4B-00C04F79EFBC}") = "TapeEquilibrium", "src\TapeEquilibrium\TapeEquilibrium.csproj", "{F170D425-CF36-4BEA-B9A3-8CA159DAADC6}"
EndProject
Project("{FAE04EC0-301F-11D3-BF4B-00C04F79EFBC}") = "FrogRiverOne", "src\FrogRiverOne\FrogRiverOne.csproj", "{34E4998B-643C-4296-B2D5-6AF46430E1A4}"
EndProject
Project("{FAE04EC0-301F-11D3-BF4B-00C04F79EFBC}") = "PermCheck", "src\PermCheck\PermCheck.csproj", "{46E9B8B2-83D0-4CB4-8120-2F3E32DA613B}"
EndProject
Global
	GlobalSection(SolutionConfigurationPlatforms) = preSolution
		Debug|Any CPU = Debug|Any CPU
		Release|Any CPU = Release|Any CPU
	EndGlobalSection
	GlobalSection(NestedProjects) = preSolution
		{8717A81B-2D70-4757-AD25-00CEBBF802DE} = {CF4AA0E1-5B14-4E95-BC02-E1EE798965A5}
		{97647D97-011C-4A99-B9FE-DD2867E1DDB1} = {CF4AA0E1-5B14-4E95-BC02-E1EE798965A5}
		{F689DBFF-78F9-4A01-A88D-C242C1720A25} = {CF4AA0E1-5B14-4E95-BC02-E1EE798965A5}
		{7B07778E-0609-4000-A1C7-A3DCB9494057} = {CF4AA0E1-5B14-4E95-BC02-E1EE798965A5}
		{A5E8D9EA-95D6-44A3-AAF1-599FBD557344} = {CF4AA0E1-5B14-4E95-BC02-E1EE798965A5}
		{F170D425-CF36-4BEA-B9A3-8CA159DAADC6} = {CF4AA0E1-5B14-4E95-BC02-E1EE798965A5}
		{34E4998B-643C-4296-B2D5-6AF46430E1A4} = {CF4AA0E1-5B14-4E95-BC02-E1EE798965A5}
		{46E9B8B2-83D0-4CB4-8120-2F3E32DA613B} = {CF4AA0E1-5B14-4E95-BC02-E1EE798965A5}
	EndGlobalSection
	GlobalSection(ProjectConfigurationPlatforms) = postSolution
		{8717A81B-2D70-4757-AD25-00CEBBF802DE}.Debug|Any CPU.ActiveCfg = Debug|Any CPU
		{8717A81B-2D70-4757-AD25-00CEBBF802DE}.Debug|Any CPU.Build.0 = Debug|Any CPU
		{8717A81B-2D70-4757-AD25-00CEBBF802DE}.Release|Any CPU.ActiveCfg = Release|Any CPU
		{8717A81B-2D70-4757-AD25-00CEBBF802DE}.Release|Any CPU.Build.0 = Release|Any CPU
		{97647D97-011C-4A99-B9FE-DD2867E1DDB1}.Debug|Any CPU.ActiveCfg = Debug|Any CPU
		{97647D97-011C-4A99-B9FE-DD2867E1DDB1}.Debug|Any CPU.Build.0 = Debug|Any CPU
		{97647D97-011C-4A99-B9FE-DD2867E1DDB1}.Release|Any CPU.ActiveCfg = Release|Any CPU
		{97647D97-011C-4A99-B9FE-DD2867E1DDB1}.Release|Any CPU.Build.0 = Release|Any CPU
		{F689DBFF-78F9-4A01-A88D-C242C1720A25}.Debug|Any CPU.ActiveCfg = Debug|Any CPU
		{F689DBFF-78F9-4A01-A88D-C242C1720A25}.Debug|Any CPU.Build.0 = Debug|Any CPU
		{F689DBFF-78F9-4A01-A88D-C242C1720A25}.Release|Any CPU.ActiveCfg = Release|Any CPU
		{F689DBFF-78F9-4A01-A88D-C242C1720A25}.Release|Any CPU.Build.0 = Release|Any CPU
		{7B07778E-0609-4000-A1C7-A3DCB9494057}.Debug|Any CPU.ActiveCfg = Debug|Any CPU
		{7B07778E-0609-4000-A1C7-A3DCB9494057}.Debug|Any CPU.Build.0 = Debug|Any CPU
		{7B07778E-0609-4000-A1C7-A3DCB9494057}.Release|Any CPU.ActiveCfg = Release|Any CPU
		{7B07778E-0609-4000-A1C7-A3DCB9494057}.Release|Any CPU.Build.0 = Release|Any CPU
		{A5E8D9EA-95D6-44A3-AAF1-599FBD557344}.Debug|Any CPU.ActiveCfg = Debug|Any CPU
		{A5E8D9EA-95D6-44A3-AAF1-599FBD557344}.Debug|Any CPU.Build.0 = Debug|Any CPU
		{A5E8D9EA-95D6-44A3-AAF1-599FBD557344}.Release|Any CPU.ActiveCfg = Release|Any CPU
		{A5E8D9EA-95D6-44A3-AAF1-599FBD557344}.Release|Any CPU.Build.0 = Release|Any CPU
		{F170D425-CF36-4BEA-B9A3-8CA159DAADC6}.Debug|Any CPU.ActiveCfg = Debug|Any CPU
		{F170D425-CF36-4BEA-B9A3-8CA159DAADC6}.Debug|Any CPU.Build.0 = Debug|Any CPU
		{F170D425-CF36-4BEA-B9A3-8CA159DAADC6}.Release|Any CPU.ActiveCfg = Release|Any CPU
		{F170D425-CF36-4BEA-B9A3-8CA159DAADC6}.Release|Any CPU.Build.0 = Release|Any CPU
		{34E4998B-643C-4296-B2D5-6AF46430E1A4}.Debug|Any CPU.ActiveCfg = Debug|Any CPU
		{34E4998B-643C-4296-B2D5-6AF46430E1A4}.Debug|Any CPU.Build.0 = Debug|Any CPU
		{34E4998B-643C-4296-B2D5-6AF46430E1A4}.Release|Any CPU.ActiveCfg = Release|Any CPU
		{34E4998B-643C-4296-B2D5-6AF46430E1A4}.Release|Any CPU.Build.0 = Release|Any CPU
		{46E9B8B2-83D0-4CB4-8120-2F3E32DA613B}.Debug|Any CPU.ActiveCfg = Debug|Any CPU
		{46E9B8B2-83D0-4CB4-8120-2F3E32DA613B}.Debug|Any CPU.Build.0 = Debug|Any CPU
		{46E9B8B2-83D0-4CB4-8120-2F3E32DA613B}.Release|Any CPU.ActiveCfg = Release|Any CPU
		{46E9B8B2-83D0-4CB4-8120-2F3E32DA613B}.Release|Any CPU.Build.0 = Release|Any CPU
	EndGlobalSection
EndGlobal
